# This file is automatically @generated by Cargo.
# It is not intended for manual editing.
version = 4

[[package]]
name = "build-rs"
version = "0.1.2"
source = "registry+https://github.com/rust-lang/crates.io-index"
checksum = "b00b8763668c99f8d9101b8a0dd82106f58265464531a79b2cef0d9a30c17dd2"

[[package]]
name = "invalid-cargotoml-missing-registry-config"
version = "0.1.0"
dependencies = [
 "build-rs",
]
