# This file is automatically @generated by Cargo.
# It is not intended for manual editing.
version = 4

[[package]]
name = "empty-library"
version = "1.0.0"
source = "registry+https://github.com/rust-lang/crates.io-index"
checksum = "09f2aa7b9820e9739aa1443425ad1f7deb9e7686d276d867e9c4752189b3130c"

[[package]]
name = "missing-deps-registry-version"
version = "0.1.0"
dependencies = [
 "empty-library",
]
