# This file is automatically @generated by Cargo.
# It is not intended for manual editing.
version = 4

[[package]]
name = "invalid-cargotoml-content-type-in-deps"
version = "0.1.0"
dependencies = [
 "libressl-pnacl-sys",
]

[[package]]
name = "libressl-pnacl-sys"
version = "2.1.0"
source = "registry+https://github.com/rust-lang/crates.io-index"
checksum = "fbbd33b70b69d25b726e2e747833e22c7ebd98cc46da2b368f45b36b4d026395"
dependencies = [
 "pnacl-build-helper",
]

[[package]]
name = "pnacl-build-helper"
version = "1.0.0"
source = "registry+https://github.com/rust-lang/crates.io-index"
checksum = "0eb74016978b58b71690dc3bb9a4890bd41dac2d4c6835249edf71a698dbc2db"
